{
    "version": 3,
    "terraform_version": "0.11.7",
    "serial": 23,
    "lineage": "8a2ace34-c656-34fb-ab65-562ed29e0ca4",
    "modules": [
        {
            "path": [
                "root"
            ],
            "outputs": {},
            "resources": {
                "aws_autoscaling_group.ecs-autoscaling-group": {
                    "type": "aws_autoscaling_group",
                    "depends_on": [
                        "aws_launch_configuration.ecs-launch-configuration",
                        "aws_subnet.atom_wise_test"
                    ],
                    "primary": {
                        "id": "ecs-autoscaling-group",
                        "attributes": {
                            "arn": "arn:aws:autoscaling:us-east-1:578526436642:autoScalingGroup:6ae79f67-f636-4c0f-82a8-b0f18aff219c:autoScalingGroupName/ecs-autoscaling-group",
                            "availability_zones.#": "1",
                            "availability_zones.3569565595": "us-east-1a",
                            "default_cooldown": "300",
                            "desired_capacity": "1",
                            "enabled_metrics.#": "0",
                            "force_delete": "false",
                            "health_check_grace_period": "300",
                            "health_check_type": "ELB",
                            "id": "ecs-autoscaling-group",
                            "launch_configuration": "ecs-launch-configuration",
                            "launch_template.#": "0",
                            "load_balancers.#": "0",
                            "max_size": "2",
                            "metrics_granularity": "1Minute",
                            "min_size": "1",
                            "name": "ecs-autoscaling-group",
                            "placement_group": "",
                            "protect_from_scale_in": "false",
                            "service_linked_role_arn": "arn:aws:iam::578526436642:role/aws-service-role/autoscaling.amazonaws.com/AWSServiceRoleForAutoScaling",
                            "suspended_processes.#": "0",
                            "tag.#": "0",
                            "target_group_arns.#": "0",
                            "termination_policies.#": "0",
                            "vpc_zone_identifier.#": "1",
                            "vpc_zone_identifier.971369416": "subnet-daf570f4",
                            "wait_for_capacity_timeout": "10m"
                        },
                        "meta": {
                            "e2bfb730-ecaa-11e6-8f88-34363bc7c4c0": {
                                "delete": 600000000000
                            }
                        },
                        "tainted": false
                    },
                    "deposed": [],
                    "provider": "provider.aws"
                },
                "aws_ecs_cluster.atom_wise_test": {
                    "type": "aws_ecs_cluster",
                    "depends_on": [],
                    "primary": {
                        "id": "arn:aws:ecs:us-east-1:578526436642:cluster/atom_wise_test",
                        "attributes": {
                            "arn": "arn:aws:ecs:us-east-1:578526436642:cluster/atom_wise_test",
                            "id": "arn:aws:ecs:us-east-1:578526436642:cluster/atom_wise_test",
                            "name": "atom_wise_test"
                        },
                        "meta": {},
                        "tainted": false
                    },
                    "deposed": [],
                    "provider": "provider.aws"
                },
                "aws_ecs_service.atom_wise_test": {
                    "type": "aws_ecs_service",
                    "depends_on": [
                        "aws_ecs_cluster.atom_wise_test",
                        "aws_ecs_task_definition.atom_wise_test_def"
                    ],
                    "primary": {
                        "id": "arn:aws:ecs:us-east-1:578526436642:service/atom_wise_test",
                        "attributes": {
                            "cluster": "arn:aws:ecs:us-east-1:578526436642:cluster/atom_wise_test",
                            "deployment_maximum_percent": "200",
                            "deployment_minimum_healthy_percent": "100",
                            "desired_count": "1",
                            "health_check_grace_period_seconds": "0",
                            "id": "arn:aws:ecs:us-east-1:578526436642:service/atom_wise_test",
                            "launch_type": "EC2",
                            "load_balancer.#": "0",
                            "name": "atom_wise_test",
                            "network_configuration.#": "0",
                            "ordered_placement_strategy.#": "0",
                            "placement_constraints.#": "0",
                            "scheduling_strategy": "REPLICA",
                            "service_registries.#": "0",
                            "task_definition": "arn:aws:ecs:us-east-1:578526436642:task-definition/atom_wise_test_service:4"
                        },
                        "meta": {},
                        "tainted": false
                    },
                    "deposed": [],
                    "provider": "provider.aws"
                },
                "aws_ecs_task_definition.atom_wise_test_def": {
                    "type": "aws_ecs_task_definition",
                    "depends_on": [],
                    "primary": {
                        "id": "atom_wise_test_service",
                        "attributes": {
                            "arn": "arn:aws:ecs:us-east-1:578526436642:task-definition/atom_wise_test_service:4",
                            "container_definitions": "[{\"cpu\":1,\"environment\":[],\"essential\":true,\"image\":\"578526436642.dkr.ecr.us-east-1.amazonaws.com/atom_wise_test_repo\",\"memory\":512,\"mountPoints\":[],\"name\":\"atom_wise_test_service\",\"portMappings\":[{\"containerPort\":80,\"hostPort\":80,\"protocol\":\"tcp\"}],\"volumesFrom\":[]}]",
                            "cpu": "",
                            "execution_role_arn": "",
                            "family": "atom_wise_test_service",
                            "id": "atom_wise_test_service",
                            "memory": "",
                            "network_mode": "",
                            "placement_constraints.#": "0",
                            "requires_compatibilities.#": "0",
                            "revision": "4",
                            "task_role_arn": "",
                            "volume.#": "0"
                        },
                        "meta": {
                            "schema_version": "1"
                        },
                        "tainted": false
                    },
                    "deposed": [],
                    "provider": "provider.aws"
                },
                "aws_iam_role.ecs-service-role": {
                    "type": "aws_iam_role",
                    "depends_on": [
                        "data.aws_iam_policy_document.ecs-service-policy"
                    ],
                    "primary": {
                        "id": "ecs-sqs-service-role",
                        "attributes": {
                            "arn": "arn:aws:iam::578526436642:role/ecs-sqs-service-role",
                            "assume_role_policy": "{\"Version\":\"2012-10-17\",\"Statement\":[{\"Sid\":\"\",\"Effect\":\"Allow\",\"Principal\":{\"Service\":\"ecs.amazonaws.com\"},\"Action\":\"sts:AssumeRole\"}]}",
                            "create_date": "2018-08-02T09:46:11Z",
                            "force_detach_policies": "false",
                            "id": "ecs-sqs-service-role",
                            "max_session_duration": "3600",
                            "name": "ecs-sqs-service-role",
                            "path": "/",
                            "unique_id": "AROAIAVTZ42ICUIRXHHIO"
                        },
                        "meta": {},
                        "tainted": false
                    },
                    "deposed": [],
                    "provider": "provider.aws"
                },
                "aws_iam_role_policy_attachment.ecs-service-role-attachment": {
                    "type": "aws_iam_role_policy_attachment",
                    "depends_on": [
                        "aws_iam_role.ecs-service-role"
                    ],
                    "primary": {
                        "id": "ecs-sqs-service-role-20180802094611659400000001",
                        "attributes": {
                            "id": "ecs-sqs-service-role-20180802094611659400000001",
                            "policy_arn": "arn:aws:iam::aws:policy/service-role/AmazonEC2ContainerServiceRole",
                            "role": "ecs-sqs-service-role"
                        },
                        "meta": {},
                        "tainted": false
                    },
                    "deposed": [],
                    "provider": "provider.aws"
                },
                "aws_launch_configuration.ecs-launch-configuration": {
                    "type": "aws_launch_configuration",
                    "depends_on": [],
                    "primary": {
                        "id": "ecs-launch-configuration",
                        "attributes": {
                            "associate_public_ip_address": "true",
                            "ebs_block_device.#": "0",
                            "ebs_optimized": "false",
                            "enable_monitoring": "true",
                            "ephemeral_block_device.#": "0",
                            "iam_instance_profile": "",
                            "id": "ecs-launch-configuration",
                            "image_id": "ami-644a431b",
                            "instance_type": "t2.micro",
                            "key_name": "",
                            "name": "ecs-launch-configuration",
                            "root_block_device.#": "1",
                            "root_block_device.0.delete_on_termination": "true",
                            "root_block_device.0.iops": "0",
                            "root_block_device.0.volume_size": "100",
                            "root_block_device.0.volume_type": "standard",
                            "security_groups.#": "0",
                            "spot_price": "",
                            "vpc_classic_link_id": "",
                            "vpc_classic_link_security_groups.#": "0"
                        },
                        "meta": {},
                        "tainted": false
                    },
                    "deposed": [],
                    "provider": "provider.aws"
                },
                "aws_security_group.atom_wise_test": {
                    "type": "aws_security_group",
                    "depends_on": [
                        "aws_vpc.atom_wise_test"
                    ],
                    "primary": {
                        "id": "sg-f6c4cebc",
                        "attributes": {
                            "arn": "arn:aws:ec2:us-east-1:578526436642:security-group/sg-f6c4cebc",
                            "description": "Allow all inbound traffic",
                            "egress.#": "1",
                            "egress.482069346.cidr_blocks.#": "1",
                            "egress.482069346.cidr_blocks.0": "0.0.0.0/0",
                            "egress.482069346.description": "",
                            "egress.482069346.from_port": "0",
                            "egress.482069346.ipv6_cidr_blocks.#": "0",
                            "egress.482069346.prefix_list_ids.#": "0",
                            "egress.482069346.protocol": "-1",
                            "egress.482069346.security_groups.#": "0",
                            "egress.482069346.self": "false",
                            "egress.482069346.to_port": "0",
                            "id": "sg-f6c4cebc",
                            "ingress.#": "1",
                            "ingress.482069346.cidr_blocks.#": "1",
                            "ingress.482069346.cidr_blocks.0": "0.0.0.0/0",
                            "ingress.482069346.description": "",
                            "ingress.482069346.from_port": "0",
                            "ingress.482069346.ipv6_cidr_blocks.#": "0",
                            "ingress.482069346.protocol": "-1",
                            "ingress.482069346.security_groups.#": "0",
                            "ingress.482069346.self": "false",
                            "ingress.482069346.to_port": "0",
                            "name": "atom_wise_test",
                            "owner_id": "578526436642",
                            "revoke_rules_on_delete": "false",
                            "tags.%": "0",
                            "vpc_id": "vpc-c114dcbb"
                        },
                        "meta": {
                            "e2bfb730-ecaa-11e6-8f88-34363bc7c4c0": {
                                "create": 600000000000,
                                "delete": 600000000000
                            },
                            "schema_version": "1"
                        },
                        "tainted": false
                    },
                    "deposed": [],
                    "provider": "provider.aws"
                },
                "aws_sqs_queue.atom_wise_test": {
                    "type": "aws_sqs_queue",
                    "depends_on": [],
                    "primary": {
                        "id": "https://sqs.us-east-1.amazonaws.com/578526436642/atom_wise_test_sqs",
                        "attributes": {
                            "arn": "arn:aws:sqs:us-east-1:578526436642:atom_wise_test_sqs",
                            "content_based_deduplication": "false",
                            "delay_seconds": "0",
                            "fifo_queue": "false",
                            "id": "https://sqs.us-east-1.amazonaws.com/578526436642/atom_wise_test_sqs",
                            "max_message_size": "2048",
                            "message_retention_seconds": "86400",
                            "name": "atom_wise_test_sqs",
                            "receive_wait_time_seconds": "0",
                            "tags.%": "1",
                            "tags.Name": "atom_wise_test",
                            "visibility_timeout_seconds": "30"
                        },
                        "meta": {},
                        "tainted": false
                    },
                    "deposed": [],
                    "provider": "provider.aws"
                },
                "aws_subnet.atom_wise_test": {
                    "type": "aws_subnet",
                    "depends_on": [
                        "aws_vpc.atom_wise_test"
                    ],
                    "primary": {
                        "id": "subnet-daf570f4",
                        "attributes": {
                            "assign_ipv6_address_on_creation": "false",
                            "availability_zone": "us-east-1a",
                            "cidr_block": "10.0.0.0/24",
                            "id": "subnet-daf570f4",
                            "map_public_ip_on_launch": "false",
                            "tags.%": "0",
                            "vpc_id": "vpc-c114dcbb"
                        },
                        "meta": {
                            "schema_version": "1"
                        },
                        "tainted": false
                    },
                    "deposed": [],
                    "provider": "provider.aws"
                },
                "aws_vpc.atom_wise_test": {
                    "type": "aws_vpc",
                    "depends_on": [],
                    "primary": {
                        "id": "vpc-c114dcbb",
                        "attributes": {
                            "arn": "arn:aws:ec2:us-east-1:578526436642:vpc/vpc-c114dcbb",
                            "assign_generated_ipv6_cidr_block": "false",
                            "cidr_block": "10.0.0.0/16",
                            "default_network_acl_id": "acl-867d4efc",
                            "default_route_table_id": "rtb-d36b2aac",
                            "default_security_group_id": "sg-a2ccc6e8",
                            "dhcp_options_id": "dopt-6754801f",
                            "enable_classiclink": "false",
                            "enable_classiclink_dns_support": "false",
                            "enable_dns_hostnames": "true",
                            "enable_dns_support": "true",
                            "id": "vpc-c114dcbb",
                            "instance_tenancy": "default",
                            "main_route_table_id": "rtb-d36b2aac",
                            "tags.%": "1",
                            "tags.Name": "atom_wise_test"
                        },
                        "meta": {
                            "schema_version": "1"
                        },
                        "tainted": false
                    },
                    "deposed": [],
                    "provider": "provider.aws"
                },
                "data.aws_iam_policy_document.ecs-service-policy": {
                    "type": "aws_iam_policy_document",
                    "depends_on": [],
                    "primary": {
                        "id": "3622649364",
                        "attributes": {
                            "id": "3622649364",
                            "json": "{\n  \"Version\": \"2012-10-17\",\n  \"Statement\": [\n    {\n      \"Sid\": \"\",\n      \"Effect\": \"Allow\",\n      \"Action\": \"sts:AssumeRole\",\n      \"Principal\": {\n        \"Service\": \"ecs.amazonaws.com\"\n      }\n    }\n  ]\n}",
                            "statement.#": "1",
                            "statement.0.actions.#": "1",
                            "statement.0.actions.2528466339": "sts:AssumeRole",
                            "statement.0.condition.#": "0",
                            "statement.0.effect": "Allow",
                            "statement.0.not_actions.#": "0",
                            "statement.0.not_principals.#": "0",
                            "statement.0.not_resources.#": "0",
                            "statement.0.principals.#": "1",
                            "statement.0.principals.1113412664.identifiers.#": "1",
                            "statement.0.principals.1113412664.identifiers.1509832800": "ecs.amazonaws.com",
                            "statement.0.principals.1113412664.type": "Service",
                            "statement.0.resources.#": "0",
                            "statement.0.sid": ""
                        },
                        "meta": {},
                        "tainted": false
                    },
                    "deposed": [],
                    "provider": "provider.aws"
                }
            },
            "depends_on": []
        }
    ]
}
